
Microsoft Visual Studio Solution File, Format Version 12.00
# Visual Studio Version 16
VisualStudioVersion = 16.0.30204.135
MinimumVisualStudioVersion = 10.0.40219.1
Project("{9A19103F-16F7-4668-BE54-9A1E7A4F7556}") = "RecallTest", "RecallTest\RecallTest.csproj", "{40460F25-5C6C-48BF-AE7E-1C9296CED46C}"
EndProject
Global
	GlobalSection(SolutionConfigurationPlatforms) = preSolution
		Debug|Any CPU = Debug|Any CPU
		RecallTest|Any CPU = RecallTest|Any CPU
		Release|Any CPU = Release|Any CPU
	EndGlobalSection
	GlobalSection(ProjectConfigurationPlatforms) = postSolution
		{40460F25-5C6C-48BF-AE7E-1C9296CED46C}.Debug|Any CPU.ActiveCfg = Debug|Any CPU
		{40460F25-5C6C-48BF-AE7E-1C9296CED46C}.Debug|Any CPU.Build.0 = Debug|Any CPU
		{40460F25-5C6C-48BF-AE7E-1C9296CED46C}.RecallTest|Any CPU.ActiveCfg = RecallTest|Any CPU
		{40460F25-5C6C-48BF-AE7E-1C9296CED46C}.RecallTest|Any CPU.Build.0 = RecallTest|Any CPU
		{40460F25-5C6C-48BF-AE7E-1C9296CED46C}.Release|Any CPU.ActiveCfg = Release|Any CPU
		{40460F25-5C6C-48BF-AE7E-1C9296CED46C}.Release|Any CPU.Build.0 = Release|Any CPU
	EndGlobalSection
	GlobalSection(SolutionProperties) = preSolution
		HideSolutionNode = FALSE
	EndGlobalSection
	GlobalSection(ExtensibilityGlobals) = postSolution
		SolutionGuid = {55DB3931-03F9-4222-90B7-B0527B1136D2}
	EndGlobalSection
EndGlobal
